
Microsoft Visual Studio Solution File, Format Version 12.00
# Visual Studio Version 17
VisualStudioVersion = 17.9.34607.119
MinimumVisualStudioVersion = 10.0.40219.1
Project("{FAE04EC0-301F-11D3-BF4B-00C04F79EFBC}") = "MongoCRUD", "MongoCRUD\MongoCRUD.csproj", "{BE0A9A2C-75A3-495F-A978-914DF2C5F54E}"
EndProject
Global
	GlobalSection(SolutionConfigurationPlatforms) = preSolution
		Debug|Any CPU = Debug|Any CPU
		Release|Any CPU = Release|Any CPU
	EndGlobalSection
	GlobalSection(ProjectConfigurationPlatforms) = postSolution
		{BE0A9A2C-75A3-495F-A978-914DF2C5F54E}.Debug|Any CPU.ActiveCfg = Debug|Any CPU
		{BE0A9A2C-75A3-495F-A978-914DF2C5F54E}.Debug|Any CPU.Build.0 = Debug|Any CPU
		{BE0A9A2C-75A3-495F-A978-914DF2C5F54E}.Release|Any CPU.ActiveCfg = Release|Any CPU
		{BE0A9A2C-75A3-495F-A978-914DF2C5F54E}.Release|Any CPU.Build.0 = Release|Any CPU
	EndGlobalSection
	GlobalSection(SolutionProperties) = preSolution
		HideSolutionNode = FALSE
	EndGlobalSection
	GlobalSection(ExtensibilityGlobals) = postSolution
		SolutionGuid = {86C4B84D-3412-42ED-92F6-F3D3498C7E7A}
	EndGlobalSection
EndGlobal
